
Microsoft Visual Studio Solution File, Format Version 12.00
# Visual Studio Version 16
VisualStudioVersion = 16.0.30309.148
MinimumVisualStudioVersion = 10.0.40219.1
Project("{2150E333-8FDC-42A3-9474-1A3956D46DE8}") = "src", "src", "{7B6AA0C0-59A2-431A-B563-03C141DBCD56}"
EndProject
Project("{2150E333-8FDC-42A3-9474-1A3956D46DE8}") = "tests", "tests", "{63E4107D-5A02-4ECB-8428-E9FAB4F87579}"
EndProject
Project("{2150E333-8FDC-42A3-9474-1A3956D46DE8}") = "docs", "docs", "{E352842F-F5D2-4A78-9AC5-46DCF282E1F7}"
	ProjectSection(SolutionItems) = preProject
		Placeholder.txt = Placeholder.txt
	EndProjectSection
EndProject
Project("{FAE04EC0-301F-11D3-BF4B-00C04F79EFBC}") = "Example", "src\Example\Example.csproj", "{674B436F-16E9-4847-A7AC-AD2CC0EB58DE}"
EndProject
Project("{2150E333-8FDC-42A3-9474-1A3956D46DE8}") = "Solution Items", "Solution Items", "{B47FE227-DA8F-48ED-AAD7-3EBBE36E432E}"
	ProjectSection(SolutionItems) = preProject
		.editorconfig = .editorconfig
		.gitignore = .gitignore
		.github\ISSUE_TEMPLATE\bug_report.md = .github\ISSUE_TEMPLATE\bug_report.md
		.github\workflows\build.yml = .github\workflows\build.yml
		.github\ISSUE_TEMPLATE\feature_request.md = .github\ISSUE_TEMPLATE\feature_request.md
		.github\PULL_REQUEST_TEMPLATE.md = .github\PULL_REQUEST_TEMPLATE.md
		README.md = README.md
		.github\workflows\release.yml = .github\workflows\release.yml
		.github\weekly-digest.yml = .github\weekly-digest.yml
	EndProjectSection
EndProject
Project("{FAE04EC0-301F-11D3-BF4B-00C04F79EFBC}") = "Example.Tests", "tests\Example.Tests\Example.Tests.csproj", "{F9C55D84-1905-444C-89FB-34C3F4301B6C}"
EndProject
Global
	GlobalSection(SolutionConfigurationPlatforms) = preSolution
		Debug|Any CPU = Debug|Any CPU
		Release|Any CPU = Release|Any CPU
	EndGlobalSection
	GlobalSection(ProjectConfigurationPlatforms) = postSolution
		{674B436F-16E9-4847-A7AC-AD2CC0EB58DE}.Debug|Any CPU.ActiveCfg = Debug|Any CPU
		{674B436F-16E9-4847-A7AC-AD2CC0EB58DE}.Debug|Any CPU.Build.0 = Debug|Any CPU
		{674B436F-16E9-4847-A7AC-AD2CC0EB58DE}.Release|Any CPU.ActiveCfg = Release|Any CPU
		{674B436F-16E9-4847-A7AC-AD2CC0EB58DE}.Release|Any CPU.Build.0 = Release|Any CPU
		{F9C55D84-1905-444C-89FB-34C3F4301B6C}.Debug|Any CPU.ActiveCfg = Debug|Any CPU
		{F9C55D84-1905-444C-89FB-34C3F4301B6C}.Debug|Any CPU.Build.0 = Debug|Any CPU
		{F9C55D84-1905-444C-89FB-34C3F4301B6C}.Release|Any CPU.ActiveCfg = Release|Any CPU
		{F9C55D84-1905-444C-89FB-34C3F4301B6C}.Release|Any CPU.Build.0 = Release|Any CPU
	EndGlobalSection
	GlobalSection(SolutionProperties) = preSolution
		HideSolutionNode = FALSE
	EndGlobalSection
	GlobalSection(NestedProjects) = preSolution
		{674B436F-16E9-4847-A7AC-AD2CC0EB58DE} = {7B6AA0C0-59A2-431A-B563-03C141DBCD56}
		{F9C55D84-1905-444C-89FB-34C3F4301B6C} = {63E4107D-5A02-4ECB-8428-E9FAB4F87579}
	EndGlobalSection
	GlobalSection(ExtensibilityGlobals) = postSolution
		SolutionGuid = {98D2C644-AEB8-4977-BAEC-B8C7B57C71C2}
	EndGlobalSection
EndGlobal
