
Microsoft Visual Studio Solution File, Format Version 12.00
# Visual Studio Version 16
VisualStudioVersion = 16.0.30309.148
MinimumVisualStudioVersion = 10.0.40219.1
Project("{2150E333-8FDC-42A3-9474-1A3956D46DE8}") = "src", "src", "{7B6AA0C0-59A2-431A-B563-03C141DBCD56}"
EndProject
Project("{2150E333-8FDC-42A3-9474-1A3956D46DE8}") = "tests", "tests", "{63E4107D-5A02-4ECB-8428-E9FAB4F87579}"
EndProject
Project("{2150E333-8FDC-42A3-9474-1A3956D46DE8}") = "docs", "docs", "{E352842F-F5D2-4A78-9AC5-46DCF282E1F7}"
EndProject
Project("{2150E333-8FDC-42A3-9474-1A3956D46DE8}") = "Solution Items", "Solution Items", "{B47FE227-DA8F-48ED-AAD7-3EBBE36E432E}"
	ProjectSection(SolutionItems) = preProject
		.editorconfig = .editorconfig
		.gitignore = .gitignore
		.github\ISSUE_TEMPLATE\bug_report.md = .github\ISSUE_TEMPLATE\bug_report.md
		.github\workflows\build.yml = .github\workflows\build.yml
		.github\ISSUE_TEMPLATE\feature_request.md = .github\ISSUE_TEMPLATE\feature_request.md
		.github\PULL_REQUEST_TEMPLATE.md = .github\PULL_REQUEST_TEMPLATE.md
		README.md = README.md
		.github\workflows\release.yml = .github\workflows\release.yml
		.github\weekly-digest.yml = .github\weekly-digest.yml
	EndProjectSection
EndProject
Project("{9A19103F-16F7-4668-BE54-9A1E7A4F7556}") = "SIO.Testing", "src\SIO.Testing\SIO.Testing.csproj", "{481D34A2-7CC5-4EBE-9A46-15A921BD68EF}"
EndProject
Project("{9A19103F-16F7-4668-BE54-9A1E7A4F7556}") = "SIO.Infrastructure", "src\SIO.Infrastructure\SIO.Infrastructure.csproj", "{5D490462-F901-4DAA-91E7-154CA234FDC1}"
EndProject
Project("{9A19103F-16F7-4668-BE54-9A1E7A4F7556}") = "SIO.Migrations", "src\SIO.Migrations\SIO.Migrations.csproj", "{71D06248-2C23-4543-83D4-09E204B619E9}"
EndProject
Project("{9A19103F-16F7-4668-BE54-9A1E7A4F7556}") = "SIO.Notifier", "src\SIO.Notifier\SIO.Notifier.csproj", "{478ED716-4D32-43EE-ADD8-F26343C0DCD2}"
EndProject
Project("{9A19103F-16F7-4668-BE54-9A1E7A4F7556}") = "SIO.Domain", "src\SIO.Domain\SIO.Domain.csproj", "{B54ED4B3-B15C-4A9B-924F-8F9DF0BC57FD}"
EndProject
Project("{9A19103F-16F7-4668-BE54-9A1E7A4F7556}") = "SIO.Infrastructure.Azure", "src\SIO.Infrastructure.Azure\SIO.Infrastructure.Azure.csproj", "{264ACBDF-44DA-4EA7-AED1-E298BE725E03}"
EndProject
Project("{9A19103F-16F7-4668-BE54-9A1E7A4F7556}") = "SIO.Domain.Tests", "tests\SIO.Domain.Tests\SIO.Domain.Tests.csproj", "{508E30B9-19EB-4069-84AC-7AFE2EF50382}"
EndProject
Project("{9A19103F-16F7-4668-BE54-9A1E7A4F7556}") = "SIO.Infrastructure.Tests", "tests\SIO.Infrastructure.Tests\SIO.Infrastructure.Tests.csproj", "{F9EC7B2A-5DB0-4D0F-B854-813B03BB4DD4}"
EndProject
Project("{9A19103F-16F7-4668-BE54-9A1E7A4F7556}") = "SIO.Infrastructure.Azure.Tests", "tests\SIO.Infrastructure.Azure.Tests\SIO.Infrastructure.Azure.Tests.csproj", "{43C8B5B1-3435-4EF7-B4D7-817774473F68}"
EndProject
Project("{9A19103F-16F7-4668-BE54-9A1E7A4F7556}") = "SIO.Migrations.Tests", "tests\SIO.Migrations.Tests\SIO.Migrations.Tests.csproj", "{5DF80E68-C017-406E-A1D5-6D8D6576141C}"
EndProject
Project("{9A19103F-16F7-4668-BE54-9A1E7A4F7556}") = "SIO.Notifier.Tests", "tests\SIO.Notifier.Tests\SIO.Notifier.Tests.csproj", "{D52B8756-FA99-4250-AE6C-B5A978D7A629}"
EndProject
Project("{9A19103F-16F7-4668-BE54-9A1E7A4F7556}") = "SIO.Domain.Projections", "src\SIO.Domain.Projections\SIO.Domain.Projections.csproj", "{BEAAC9E0-989B-40F2-8D4C-E4A51B926D3B}"
EndProject
Global
	GlobalSection(SolutionConfigurationPlatforms) = preSolution
		Debug|Any CPU = Debug|Any CPU
		Release|Any CPU = Release|Any CPU
	EndGlobalSection
	GlobalSection(ProjectConfigurationPlatforms) = postSolution
		{481D34A2-7CC5-4EBE-9A46-15A921BD68EF}.Debug|Any CPU.ActiveCfg = Debug|Any CPU
		{481D34A2-7CC5-4EBE-9A46-15A921BD68EF}.Debug|Any CPU.Build.0 = Debug|Any CPU
		{481D34A2-7CC5-4EBE-9A46-15A921BD68EF}.Release|Any CPU.ActiveCfg = Release|Any CPU
		{481D34A2-7CC5-4EBE-9A46-15A921BD68EF}.Release|Any CPU.Build.0 = Release|Any CPU
		{5D490462-F901-4DAA-91E7-154CA234FDC1}.Debug|Any CPU.ActiveCfg = Debug|Any CPU
		{5D490462-F901-4DAA-91E7-154CA234FDC1}.Debug|Any CPU.Build.0 = Debug|Any CPU
		{5D490462-F901-4DAA-91E7-154CA234FDC1}.Release|Any CPU.ActiveCfg = Release|Any CPU
		{5D490462-F901-4DAA-91E7-154CA234FDC1}.Release|Any CPU.Build.0 = Release|Any CPU
		{71D06248-2C23-4543-83D4-09E204B619E9}.Debug|Any CPU.ActiveCfg = Debug|Any CPU
		{71D06248-2C23-4543-83D4-09E204B619E9}.Debug|Any CPU.Build.0 = Debug|Any CPU
		{71D06248-2C23-4543-83D4-09E204B619E9}.Release|Any CPU.ActiveCfg = Release|Any CPU
		{71D06248-2C23-4543-83D4-09E204B619E9}.Release|Any CPU.Build.0 = Release|Any CPU
		{478ED716-4D32-43EE-ADD8-F26343C0DCD2}.Debug|Any CPU.ActiveCfg = Debug|Any CPU
		{478ED716-4D32-43EE-ADD8-F26343C0DCD2}.Debug|Any CPU.Build.0 = Debug|Any CPU
		{478ED716-4D32-43EE-ADD8-F26343C0DCD2}.Release|Any CPU.ActiveCfg = Release|Any CPU
		{478ED716-4D32-43EE-ADD8-F26343C0DCD2}.Release|Any CPU.Build.0 = Release|Any CPU
		{B54ED4B3-B15C-4A9B-924F-8F9DF0BC57FD}.Debug|Any CPU.ActiveCfg = Debug|Any CPU
		{B54ED4B3-B15C-4A9B-924F-8F9DF0BC57FD}.Debug|Any CPU.Build.0 = Debug|Any CPU
		{B54ED4B3-B15C-4A9B-924F-8F9DF0BC57FD}.Release|Any CPU.ActiveCfg = Release|Any CPU
		{B54ED4B3-B15C-4A9B-924F-8F9DF0BC57FD}.Release|Any CPU.Build.0 = Release|Any CPU
		{264ACBDF-44DA-4EA7-AED1-E298BE725E03}.Debug|Any CPU.ActiveCfg = Debug|Any CPU
		{264ACBDF-44DA-4EA7-AED1-E298BE725E03}.Debug|Any CPU.Build.0 = Debug|Any CPU
		{264ACBDF-44DA-4EA7-AED1-E298BE725E03}.Release|Any CPU.ActiveCfg = Release|Any CPU
		{264ACBDF-44DA-4EA7-AED1-E298BE725E03}.Release|Any CPU.Build.0 = Release|Any CPU
		{508E30B9-19EB-4069-84AC-7AFE2EF50382}.Debug|Any CPU.ActiveCfg = Debug|Any CPU
		{508E30B9-19EB-4069-84AC-7AFE2EF50382}.Debug|Any CPU.Build.0 = Debug|Any CPU
		{508E30B9-19EB-4069-84AC-7AFE2EF50382}.Release|Any CPU.ActiveCfg = Release|Any CPU
		{508E30B9-19EB-4069-84AC-7AFE2EF50382}.Release|Any CPU.Build.0 = Release|Any CPU
		{F9EC7B2A-5DB0-4D0F-B854-813B03BB4DD4}.Debug|Any CPU.ActiveCfg = Debug|Any CPU
		{F9EC7B2A-5DB0-4D0F-B854-813B03BB4DD4}.Debug|Any CPU.Build.0 = Debug|Any CPU
		{F9EC7B2A-5DB0-4D0F-B854-813B03BB4DD4}.Release|Any CPU.ActiveCfg = Release|Any CPU
		{F9EC7B2A-5DB0-4D0F-B854-813B03BB4DD4}.Release|Any CPU.Build.0 = Release|Any CPU
		{43C8B5B1-3435-4EF7-B4D7-817774473F68}.Debug|Any CPU.ActiveCfg = Debug|Any CPU
		{43C8B5B1-3435-4EF7-B4D7-817774473F68}.Debug|Any CPU.Build.0 = Debug|Any CPU
		{43C8B5B1-3435-4EF7-B4D7-817774473F68}.Release|Any CPU.ActiveCfg = Release|Any CPU
		{43C8B5B1-3435-4EF7-B4D7-817774473F68}.Release|Any CPU.Build.0 = Release|Any CPU
		{5DF80E68-C017-406E-A1D5-6D8D6576141C}.Debug|Any CPU.ActiveCfg = Debug|Any CPU
		{5DF80E68-C017-406E-A1D5-6D8D6576141C}.Debug|Any CPU.Build.0 = Debug|Any CPU
		{5DF80E68-C017-406E-A1D5-6D8D6576141C}.Release|Any CPU.ActiveCfg = Release|Any CPU
		{5DF80E68-C017-406E-A1D5-6D8D6576141C}.Release|Any CPU.Build.0 = Release|Any CPU
		{D52B8756-FA99-4250-AE6C-B5A978D7A629}.Debug|Any CPU.ActiveCfg = Debug|Any CPU
		{D52B8756-FA99-4250-AE6C-B5A978D7A629}.Debug|Any CPU.Build.0 = Debug|Any CPU
		{D52B8756-FA99-4250-AE6C-B5A978D7A629}.Release|Any CPU.ActiveCfg = Release|Any CPU
		{D52B8756-FA99-4250-AE6C-B5A978D7A629}.Release|Any CPU.Build.0 = Release|Any CPU
		{BEAAC9E0-989B-40F2-8D4C-E4A51B926D3B}.Debug|Any CPU.ActiveCfg = Debug|Any CPU
		{BEAAC9E0-989B-40F2-8D4C-E4A51B926D3B}.Debug|Any CPU.Build.0 = Debug|Any CPU
		{BEAAC9E0-989B-40F2-8D4C-E4A51B926D3B}.Release|Any CPU.ActiveCfg = Release|Any CPU
		{BEAAC9E0-989B-40F2-8D4C-E4A51B926D3B}.Release|Any CPU.Build.0 = Release|Any CPU
	EndGlobalSection
	GlobalSection(SolutionProperties) = preSolution
		HideSolutionNode = FALSE
	EndGlobalSection
	GlobalSection(NestedProjects) = preSolution
		{481D34A2-7CC5-4EBE-9A46-15A921BD68EF} = {7B6AA0C0-59A2-431A-B563-03C141DBCD56}
		{5D490462-F901-4DAA-91E7-154CA234FDC1} = {7B6AA0C0-59A2-431A-B563-03C141DBCD56}
		{71D06248-2C23-4543-83D4-09E204B619E9} = {7B6AA0C0-59A2-431A-B563-03C141DBCD56}
		{478ED716-4D32-43EE-ADD8-F26343C0DCD2} = {7B6AA0C0-59A2-431A-B563-03C141DBCD56}
		{B54ED4B3-B15C-4A9B-924F-8F9DF0BC57FD} = {7B6AA0C0-59A2-431A-B563-03C141DBCD56}
		{264ACBDF-44DA-4EA7-AED1-E298BE725E03} = {7B6AA0C0-59A2-431A-B563-03C141DBCD56}
		{508E30B9-19EB-4069-84AC-7AFE2EF50382} = {63E4107D-5A02-4ECB-8428-E9FAB4F87579}
		{F9EC7B2A-5DB0-4D0F-B854-813B03BB4DD4} = {63E4107D-5A02-4ECB-8428-E9FAB4F87579}
		{43C8B5B1-3435-4EF7-B4D7-817774473F68} = {63E4107D-5A02-4ECB-8428-E9FAB4F87579}
		{5DF80E68-C017-406E-A1D5-6D8D6576141C} = {63E4107D-5A02-4ECB-8428-E9FAB4F87579}
		{D52B8756-FA99-4250-AE6C-B5A978D7A629} = {63E4107D-5A02-4ECB-8428-E9FAB4F87579}
		{BEAAC9E0-989B-40F2-8D4C-E4A51B926D3B} = {7B6AA0C0-59A2-431A-B563-03C141DBCD56}
	EndGlobalSection
	GlobalSection(ExtensibilityGlobals) = postSolution
		SolutionGuid = {98D2C644-AEB8-4977-BAEC-B8C7B57C71C2}
	EndGlobalSection
EndGlobal
